{
  "requires": true,
  "lockfileVersion": 1,
  "dependencies": {
    "@types/async": {
      "version": "3.0.3",
      "resolved": "https://registry.npmjs.org/@types/async/-/async-3.0.3.tgz",
      "integrity": "sha512-FrIcC67Zpko1jO8K4d30C41/KVhAABbMbaSxccvXacxPcKbDBav+8WoFzv72BA2zJvyX4T9PFz0we1hcNymgGA=="
    },
    "async": {
      "version": "3.1.0",
      "resolved": "https://registry.npmjs.org/async/-/async-3.1.0.tgz",
      "integrity": "sha512-4vx/aaY6j/j3Lw3fbCHNWP0pPaTCew3F6F3hYyl/tHs/ndmV1q7NW9T5yuJ2XAGwdQrP+6Wu20x06U4APo/iQQ=="
    }
  }
}
